
Microsoft Visual Studio Solution File, Format Version 12.00
# Visual Studio Version 16
VisualStudioVersion = 16.0.31410.357
MinimumVisualStudioVersion = 10.0.40219.1
Project("{FAE04EC0-301F-11D3-BF4B-00C04F79EFBC}") = "az304demo.Server", "Server\az304demo.Server.csproj", "{B3E3A6F7-7CC8-4B08-B195-1AE7B2C00897}"
EndProject
Project("{FAE04EC0-301F-11D3-BF4B-00C04F79EFBC}") = "az304demo.Client", "Client\az304demo.Client.csproj", "{B03F9B09-8923-46C5-931F-9A26898CADC1}"
EndProject
Project("{FAE04EC0-301F-11D3-BF4B-00C04F79EFBC}") = "az304demo.Shared", "Shared\az304demo.Shared.csproj", "{23623980-32A0-492B-A972-96A65A37EF8A}"
EndProject
Global
	GlobalSection(SolutionConfigurationPlatforms) = preSolution
		Debug|Any CPU = Debug|Any CPU
		Release|Any CPU = Release|Any CPU
	EndGlobalSection
	GlobalSection(ProjectConfigurationPlatforms) = postSolution
		{B3E3A6F7-7CC8-4B08-B195-1AE7B2C00897}.Debug|Any CPU.ActiveCfg = Debug|Any CPU
		{B3E3A6F7-7CC8-4B08-B195-1AE7B2C00897}.Debug|Any CPU.Build.0 = Debug|Any CPU
		{B3E3A6F7-7CC8-4B08-B195-1AE7B2C00897}.Release|Any CPU.ActiveCfg = Release|Any CPU
		{B3E3A6F7-7CC8-4B08-B195-1AE7B2C00897}.Release|Any CPU.Build.0 = Release|Any CPU
		{B03F9B09-8923-46C5-931F-9A26898CADC1}.Debug|Any CPU.ActiveCfg = Debug|Any CPU
		{B03F9B09-8923-46C5-931F-9A26898CADC1}.Debug|Any CPU.Build.0 = Debug|Any CPU
		{B03F9B09-8923-46C5-931F-9A26898CADC1}.Release|Any CPU.ActiveCfg = Release|Any CPU
		{B03F9B09-8923-46C5-931F-9A26898CADC1}.Release|Any CPU.Build.0 = Release|Any CPU
		{23623980-32A0-492B-A972-96A65A37EF8A}.Debug|Any CPU.ActiveCfg = Debug|Any CPU
		{23623980-32A0-492B-A972-96A65A37EF8A}.Debug|Any CPU.Build.0 = Debug|Any CPU
		{23623980-32A0-492B-A972-96A65A37EF8A}.Release|Any CPU.ActiveCfg = Release|Any CPU
		{23623980-32A0-492B-A972-96A65A37EF8A}.Release|Any CPU.Build.0 = Release|Any CPU
	EndGlobalSection
	GlobalSection(SolutionProperties) = preSolution
		HideSolutionNode = FALSE
	EndGlobalSection
	GlobalSection(ExtensibilityGlobals) = postSolution
		SolutionGuid = {19AC62E4-09A1-40D2-9644-725A275A33B3}
	EndGlobalSection
EndGlobal
